
Microsoft Visual Studio Solution File, Format Version 12.00
# Visual Studio Version 17
VisualStudioVersion = 17.7.34031.279
MinimumVisualStudioVersion = 10.0.40219.1
Project("{FAE04EC0-301F-11D3-BF4B-00C04F79EFBC}") = "EncryptionApp", "EncryptionApp\EncryptionApp.csproj", "{0D571007-952E-4DF4-B1AA-0E6199A6AE5D}"
EndProject
Global
	GlobalSection(SolutionConfigurationPlatforms) = preSolution
		Debug|Any CPU = Debug|Any CPU
		Release|Any CPU = Release|Any CPU
	EndGlobalSection
	GlobalSection(ProjectConfigurationPlatforms) = postSolution
		{0D571007-952E-4DF4-B1AA-0E6199A6AE5D}.Debug|Any CPU.ActiveCfg = Debug|Any CPU
		{0D571007-952E-4DF4-B1AA-0E6199A6AE5D}.Debug|Any CPU.Build.0 = Debug|Any CPU
		{0D571007-952E-4DF4-B1AA-0E6199A6AE5D}.Release|Any CPU.ActiveCfg = Release|Any CPU
		{0D571007-952E-4DF4-B1AA-0E6199A6AE5D}.Release|Any CPU.Build.0 = Release|Any CPU
	EndGlobalSection
	GlobalSection(SolutionProperties) = preSolution
		HideSolutionNode = FALSE
	EndGlobalSection
	GlobalSection(ExtensibilityGlobals) = postSolution
		SolutionGuid = {3BF12039-6B73-432A-8397-E26479DACF1F}
	EndGlobalSection
EndGlobal
